{
  "name": "pir-to-hue",
  "version": "1.0.0",
  "lockfileVersion": 1,
  "requires": true,
  "dependencies": {
    "@babel/runtime": {
      "version": "7.5.0",
      "resolved": "https://registry.npmjs.org/@babel/runtime/-/runtime-7.5.0.tgz",
      "integrity": "sha512-2xsuyZ0R0RBFwjgae5NpXk8FcfH4qovj5cEM5VEeB7KXnKqzaisIu2HSV/mCEISolJJuR4wkViUGYujA8MH9tw==",
      "requires": {
        "regenerator-runtime": "^0.13.2"
      }
    },
    "axios": {
      "version": "0.19.2",
      "resolved": "https://registry.npmjs.org/axios/-/axios-0.19.2.tgz",
      "integrity": "sha512-fjgm5MvRHLhx+osE2xoekY70AhARk3a6hkN+3Io1jc00jtquGvxYlKlsFUhmUET0V5te6CcZI7lcv2Ym61mjHA==",
      "requires": {
        "follow-redirects": "1.5.10"
      }
    },
    "bindings": {
      "version": "1.5.0",
      "resolved": "https://registry.npmjs.org/bindings/-/bindings-1.5.0.tgz",
      "integrity": "sha512-p2q/t/mhvuOj/UeLlV6566GD/guowlr0hHxClI0W9m7MWYkL1F0hLo+0Aexs9HSPCtR1SXQ0TD3MMKrXZajbiQ==",
      "requires": {
        "file-uri-to-path": "1.0.0"
      }
    },
    "bottleneck": {
      "version": "2.19.5",
      "resolved": "https://registry.npmjs.org/bottleneck/-/bottleneck-2.19.5.tgz",
      "integrity": "sha512-VHiNCbI1lKdl44tGrhNfU3lup0Tj/ZBMJB5/2ZbNXRCPuRCO7ed2mgcK4r17y+KB2EfuYuRaVlwNbAeaWGSpbw=="
    },
    "debug": {
      "version": "3.1.0",
      "resolved": "https://registry.npmjs.org/debug/-/debug-3.1.0.tgz",
      "integrity": "sha512-OX8XqP7/1a9cqkxYw2yXss15f26NKWBpDXQd0/uK/KPqdQhxbPa994hnzjcE2VqQpDslf55723cKPUOGSmMY3g==",
      "requires": {
        "ms": "2.0.0"
      }
    },
    "epoll": {
      "version": "3.0.0",
      "resolved": "https://registry.npmjs.org/epoll/-/epoll-3.0.0.tgz",
      "integrity": "sha512-Cr4yBZUkoKeTfi9Vr+7h1VhUYPP6t9f1/jgJOmEc2UEcWQqEOr5c4jdM0htJf+uB6KTGffDZGyR1UUUoclTwMQ==",
      "requires": {
        "bindings": "^1.5.0",
        "nan": "^2.14.0"
      }
    },
    "file-uri-to-path": {
      "version": "1.0.0",
      "resolved": "https://registry.npmjs.org/file-uri-to-path/-/file-uri-to-path-1.0.0.tgz",
      "integrity": "sha512-0Zt+s3L7Vf1biwWZ29aARiVYLx7iMGnEUl9x33fbB/j3jR81u/O2LbqK+Bm1CDSNDKVtJ/YjwY7TUd5SkeLQLw=="
    },
    "follow-redirects": {
      "version": "1.5.10",
      "resolved": "https://registry.npmjs.org/follow-redirects/-/follow-redirects-1.5.10.tgz",
      "integrity": "sha512-0V5l4Cizzvqt5D44aTXbFZz+FtyXV1vrDN6qrelxtfYQKW0KO0W2T/hkE8xvGa/540LkZlkaUjO4ailYTFtHVQ==",
      "requires": {
        "debug": "=3.1.0"
      }
    },
    "get-ssl-certificate": {
      "version": "2.3.3",
      "resolved": "https://registry.npmjs.org/get-ssl-certificate/-/get-ssl-certificate-2.3.3.tgz",
      "integrity": "sha512-aKYXS1S5+2IYw4W5+lKC/M+lvaNYPe0PhnQ144NWARcBg35H3ZvyVZ6y0LNGtiAxggFBHeO7LaVGO4bgHK4g1Q=="
    },
    "lodash": {
      "version": "4.17.21",
      "resolved": "https://registry.npmjs.org/lodash/-/lodash-4.17.21.tgz",
      "integrity": "sha512-v2kDEe57lecTulaDIuNTPy3Ry4gLGJ6Z1O3vE1krgXZNrsQ+LFTGHVxVjcXPs17LhbZVGedAJv8XZ1tvj5FvSg=="
    },
    "lodash.debounce": {
      "version": "4.0.8",
      "resolved": "https://registry.npmjs.org/lodash.debounce/-/lodash.debounce-4.0.8.tgz",
      "integrity": "sha1-gteb/zCmfEAF/9XiUVMArZyk168="
    },
    "moment": {
      "version": "2.24.0",
      "resolved": "https://registry.npmjs.org/moment/-/moment-2.24.0.tgz",
      "integrity": "sha512-bV7f+6l2QigeBBZSM/6yTNq4P2fNpSWj/0e7jQcy87A8e7o2nAfP/34/2ky5Vw4B9S446EtIhodAzkFCcR4dQg=="
    },
    "ms": {
      "version": "2.0.0",
      "resolved": "https://registry.npmjs.org/ms/-/ms-2.0.0.tgz",
      "integrity": "sha1-VgiurfwAvmwpAd9fmGF4jeDVl8g="
    },
    "nan": {
      "version": "2.14.0",
      "resolved": "https://registry.npmjs.org/nan/-/nan-2.14.0.tgz",
      "integrity": "sha512-INOFj37C7k3AfaNTtX8RhsTw7qRy7eLET14cROi9+5HAVbbHuIWUHEauBv5qT4Av2tWasiTY1Jw6puUNqRJXQg=="
    },
    "node-hue-api": {
      "version": "4.0.4",
      "resolved": "https://registry.npmjs.org/node-hue-api/-/node-hue-api-4.0.4.tgz",
      "integrity": "sha512-VimEFuRmFKnOwd0so5k9q7zOJ0bszEsa4b/lA3+CIY8lXvIbkHfI334webUcGRP36PY2YVCJgBHHnQFI1cR02A==",
      "requires": {
        "axios": "^0.19.0",
        "bottleneck": "^2.19.5",
        "get-ssl-certificate": "^2.3.3"
      }
    },
    "onoff": {
      "version": "5.0.1",
      "resolved": "https://registry.npmjs.org/onoff/-/onoff-5.0.1.tgz",
      "integrity": "sha512-klKLu62wVU/rt3dyiltupMuDifcfScfGsdNLdjncJBoZP7PXsJP/oEBspiB7va1SnG2muyrpl6BYD+R/nsUFMw==",
      "requires": {
        "epoll": "^3.0.0",
        "lodash.debounce": "^4.0.8"
      }
    },
    "regenerator-runtime": {
      "version": "0.13.3",
      "resolved": "https://registry.npmjs.org/regenerator-runtime/-/regenerator-runtime-0.13.3.tgz",
      "integrity": "sha512-naKIZz2GQ8JWh///G7L3X6LaQUAMp2lvb1rvwwsURe/VXwD6VMfr+/1NuNw3ag8v2kY1aQ/go5SNn79O9JU7yw=="
    },
    "set-interval-async": {
      "version": "1.0.30",
      "resolved": "https://registry.npmjs.org/set-interval-async/-/set-interval-async-1.0.30.tgz",
      "integrity": "sha512-aWVna5JbXOwBAh7t+mlFsR3WznhK0saiQDGNsq4oZ/5Vc6amFKMzr1quir4sbZ67paIkKCTLRFaoGwD8hndKBA==",
      "requires": {
        "@babel/runtime": "7.5.0"
      }
    }
  }
}
